
Microsoft Visual Studio Solution File, Format Version 12.00
# Visual Studio Version 17
VisualStudioVersion = 17.3.32922.545
MinimumVisualStudioVersion = 10.0.40219.1
Project("{FAE04EC0-301F-11D3-BF4B-00C04F79EFBC}") = "Tarea2", "Tarea2\Tarea2.csproj", "{C359341E-3C93-463D-96F0-F46688534E61}"
EndProject
Global
	GlobalSection(SolutionConfigurationPlatforms) = preSolution
		Debug|Any CPU = Debug|Any CPU
		Release|Any CPU = Release|Any CPU
	EndGlobalSection
	GlobalSection(ProjectConfigurationPlatforms) = postSolution
		{C359341E-3C93-463D-96F0-F46688534E61}.Debug|Any CPU.ActiveCfg = Debug|Any CPU
		{C359341E-3C93-463D-96F0-F46688534E61}.Debug|Any CPU.Build.0 = Debug|Any CPU
		{C359341E-3C93-463D-96F0-F46688534E61}.Release|Any CPU.ActiveCfg = Release|Any CPU
		{C359341E-3C93-463D-96F0-F46688534E61}.Release|Any CPU.Build.0 = Release|Any CPU
	EndGlobalSection
	GlobalSection(SolutionProperties) = preSolution
		HideSolutionNode = FALSE
	EndGlobalSection
	GlobalSection(ExtensibilityGlobals) = postSolution
		SolutionGuid = {50826BAD-236B-4BF4-AFE2-5740DAC0C684}
	EndGlobalSection
EndGlobal
